
Microsoft Visual Studio Solution File, Format Version 12.00
# Visual Studio Version 16
VisualStudioVersion = 16.0.30225.117
MinimumVisualStudioVersion = 10.0.40219.1
Project("{FAE04EC0-301F-11D3-BF4B-00C04F79EFBC}") = "CalcCalaryIncome", "CalcCalaryIncome.csproj", "{448C6539-4BC8-4B62-AC09-96D4CE6D04EC}"
EndProject
Global
	GlobalSection(SolutionConfigurationPlatforms) = preSolution
		Debug|Any CPU = Debug|Any CPU
		Release|Any CPU = Release|Any CPU
	EndGlobalSection
	GlobalSection(ProjectConfigurationPlatforms) = postSolution
		{448C6539-4BC8-4B62-AC09-96D4CE6D04EC}.Debug|Any CPU.ActiveCfg = Debug|Any CPU
		{448C6539-4BC8-4B62-AC09-96D4CE6D04EC}.Debug|Any CPU.Build.0 = Debug|Any CPU
		{448C6539-4BC8-4B62-AC09-96D4CE6D04EC}.Release|Any CPU.ActiveCfg = Release|Any CPU
		{448C6539-4BC8-4B62-AC09-96D4CE6D04EC}.Release|Any CPU.Build.0 = Release|Any CPU
	EndGlobalSection
	GlobalSection(SolutionProperties) = preSolution
		HideSolutionNode = FALSE
	EndGlobalSection
	GlobalSection(ExtensibilityGlobals) = postSolution
		SolutionGuid = {D7515C82-7F05-484E-934C-BB132471B9A2}
	EndGlobalSection
EndGlobal
